// !$*UTF8*$!
{
	archiveVersion = 1;
	classes = {
	};
	objectVersion = 46;
	objects = {

/* Begin PBXBuildFile section */
		3611FFB71C6AAA7E00971C2A /* HomeViewController.swift in Sources */ = {isa = PBXBuildFile; fileRef = 3611FFB61C6AAA7E00971C2A /* HomeViewController.swift */; };
		363103971CA05BE500536DE4 /* CurrentLocation.swift in Sources */ = {isa = PBXBuildFile; fileRef = 363103961CA05BE500536DE4 /* CurrentLocation.swift */; };
		3641A5961C8E28020046BC97 /* DeliveryLocationTableViewController.swift in Sources */ = {isa = PBXBuildFile; fileRef = 3641A5951C8E28020046BC97 /* DeliveryLocationTableViewController.swift */; };
		3641A5981C8E41220046BC97 /* CustomDeliveryLocationTableViewCell.swift in Sources */ = {isa = PBXBuildFile; fileRef = 3641A5971C8E41220046BC97 /* CustomDeliveryLocationTableViewCell.swift */; };
		3641A59A1C8E55E60046BC97 /* CustomerDestinations.swift in Sources */ = {isa = PBXBuildFile; fileRef = 3641A5991C8E55E60046BC97 /* CustomerDestinations.swift */; };
		3641A59C1C8E568C0046BC97 /* Destination.swift in Sources */ = {isa = PBXBuildFile; fileRef = 3641A59B1C8E568C0046BC97 /* Destination.swift */; };
		3661ED471CB723F40061BF1C /* InterfaceManipulationTests.swift in Sources */ = {isa = PBXBuildFile; fileRef = 3661ED461CB723F30061BF1C /* InterfaceManipulationTests.swift */; };
		3661ED491CB7ED1A0061BF1C /* NewOrderVCUnitTests.swift in Sources */ = {isa = PBXBuildFile; fileRef = 3661ED481CB7ED1A0061BF1C /* NewOrderVCUnitTests.swift */; };
		3661ED4B1CB807F10061BF1C /* RestaurantsNewOrderTVCUnitTests.swift in Sources */ = {isa = PBXBuildFile; fileRef = 3661ED4A1CB807F10061BF1C /* RestaurantsNewOrderTVCUnitTests.swift */; };
		3661ED4D1CB873430061BF1C /* ChooseDriverTVCUnitTests.swift in Sources */ = {isa = PBXBuildFile; fileRef = 3661ED4C1CB873430061BF1C /* ChooseDriverTVCUnitTests.swift */; };
		367BA9271CAC066200379AF3 /* Parse.framework in Frameworks */ = {isa = PBXBuildFile; fileRef = 9B8E40CE1C85199100B4B77E /* Parse.framework */; };
		367BA9281CAC067400379AF3 /* Bolts.framework in Frameworks */ = {isa = PBXBuildFile; fileRef = 9B8E40CA1C85198200B4B77E /* Bolts.framework */; };
		36AB6DF21CA4A5B700C64FEE /* Commit on March 24.txt in Resources */ = {isa = PBXBuildFile; fileRef = 36AB6DF11CA4A5B700C64FEE /* Commit on March 24.txt */; };
		36B92B6E1C9B960F00E29A3B /* PointsOfInterest.swift in Sources */ = {isa = PBXBuildFile; fileRef = 36B92B6D1C9B960F00E29A3B /* PointsOfInterest.swift */; };
		36B92B701C9BA43A00E29A3B /* Restaurant.swift in Sources */ = {isa = PBXBuildFile; fileRef = 36B92B6F1C9BA43A00E29A3B /* Restaurant.swift */; };
		36B92B731C9C5C4B00E29A3B /* NewFoodItemTableViewController.swift in Sources */ = {isa = PBXBuildFile; fileRef = 36B92B721C9C5C4B00E29A3B /* NewFoodItemTableViewController.swift */; };
		36B92B751C9DEC4400E29A3B /* Order.swift in Sources */ = {isa = PBXBuildFile; fileRef = 36B92B741C9DEC4400E29A3B /* Order.swift */; };
		36D08F261C72232C005B1E90 /* DriverOrdersViewController.swift in Sources */ = {isa = PBXBuildFile; fileRef = 36D08F251C72232C005B1E90 /* DriverOrdersViewController.swift */; };
		36D08F6E1C775B59005B1E90 /* DriverRestaurantsViewController.swift in Sources */ = {isa = PBXBuildFile; fileRef = 36D08F6D1C775B59005B1E90 /* DriverRestaurantsViewController.swift */; };
		36D08F701C776AEA005B1E90 /* DriverRestaurantPreferences.swift in Sources */ = {isa = PBXBuildFile; fileRef = 36D08F6F1C776AEA005B1E90 /* DriverRestaurantPreferences.swift */; };
		36D08F761C7A72C6005B1E90 /* ChooseDriverTableViewController.swift in Sources */ = {isa = PBXBuildFile; fileRef = 36D08F751C7A72C6005B1E90 /* ChooseDriverTableViewController.swift */; };
		36D08F781C7A73B2005B1E90 /* Drivers.swift in Sources */ = {isa = PBXBuildFile; fileRef = 36D08F771C7A73B2005B1E90 /* Drivers.swift */; };
		36D08F7B1C7BAF1E005B1E90 /* HomeUITests.swift in Sources */ = {isa = PBXBuildFile; fileRef = 36D08F7A1C7BAF1E005B1E90 /* HomeUITests.swift */; };
		36D08F7D1C7BB29C005B1E90 /* NewOrderUITests.swift in Sources */ = {isa = PBXBuildFile; fileRef = 36D08F7C1C7BB29C005B1E90 /* NewOrderUITests.swift */; };
		36D090411C8B6D86005B1E90 /* InterfaceManipulation.swift in Sources */ = {isa = PBXBuildFile; fileRef = 36D090401C8B6D86005B1E90 /* InterfaceManipulation.swift */; };
		36E204731C5A886200A9CC59 /* SystemConfiguration.framework in Frameworks */ = {isa = PBXBuildFile; fileRef = 36E204721C5A886200A9CC59 /* SystemConfiguration.framework */; };
		36E204771C5A889100A9CC59 /* AudioToolbox.framework in Frameworks */ = {isa = PBXBuildFile; fileRef = 36E204761C5A889100A9CC59 /* AudioToolbox.framework */; };
		36E2047F1C5A897500A9CC59 /* MapKit.framework in Frameworks */ = {isa = PBXBuildFile; fileRef = 36E2047E1C5A897500A9CC59 /* MapKit.framework */; };
		36E204811C5BD03D00A9CC59 /* Settings.swift in Sources */ = {isa = PBXBuildFile; fileRef = 36E204801C5BD03D00A9CC59 /* Settings.swift */; };
		36EF35401CA3002800C160BE /* PFOrder.swift in Sources */ = {isa = PBXBuildFile; fileRef = 36EF353F1CA3002800C160BE /* PFOrder.swift */; };
		36EF35421CA30E5300C160BE /* PFDriverAvailability.swift in Sources */ = {isa = PBXBuildFile; fileRef = 36EF35411CA30E5300C160BE /* PFDriverAvailability.swift */; };
		36EF35441CA31FE400C160BE /* PFUnavailableRestaurant.swift in Sources */ = {isa = PBXBuildFile; fileRef = 36EF35431CA31FE400C160BE /* PFUnavailableRestaurant.swift */; };
		36EF35481CA3992C00C160BE /* PFOrderedItems.swift in Sources */ = {isa = PBXBuildFile; fileRef = 36EF35471CA3992C00C160BE /* PFOrderedItems.swift */; };
		36EF354A1CA39AE500C160BE /* PFFood.swift in Sources */ = {isa = PBXBuildFile; fileRef = 36EF35491CA39AE500C160BE /* PFFood.swift */; };
		36EF354C1CA44DBE00C160BE /* PFDestination.swift in Sources */ = {isa = PBXBuildFile; fileRef = 36EF354B1CA44DBE00C160BE /* PFDestination.swift */; };
		36F506801C64E9500014D506 /* CreateAccount.swift in Sources */ = {isa = PBXBuildFile; fileRef = 36F5067F1C64E9500014D506 /* CreateAccount.swift */; };
		36F506821C68F0C70014D506 /* FinishCreateAccountViewController.swift in Sources */ = {isa = PBXBuildFile; fileRef = 36F506811C68F0C70014D506 /* FinishCreateAccountViewController.swift */; };
		402FC81F1CAACBF300B774D1 /* FoodClassUnitTests.swift in Sources */ = {isa = PBXBuildFile; fileRef = 402FC81E1CAACBF200B774D1 /* FoodClassUnitTests.swift */; };
		4053ACB61C5AF31300B21B29 /* NewOrderViewController.swift in Sources */ = {isa = PBXBuildFile; fileRef = 4053ACB51C5AF31300B21B29 /* NewOrderViewController.swift */; };
		963A324D1C8CDFD40090CB2C /* Food.swift in Sources */ = {isa = PBXBuildFile; fileRef = 963A324C1C8CDFD40090CB2C /* Food.swift */; };
		964B36361C5FF1E100B305CA /* Validation.swift in Sources */ = {isa = PBXBuildFile; fileRef = 964B36351C5FF1E100B305CA /* Validation.swift */; };
		96B36A951C5AFE1600DF6038 /* Security.framework in Frameworks */ = {isa = PBXBuildFile; fileRef = 96B36A941C5AFE1600DF6038 /* Security.framework */; };
		96B36A971C5AFE2900DF6038 /* CFNetwork.framework in Frameworks */ = {isa = PBXBuildFile; fileRef = 96B36A961C5AFE2900DF6038 /* CFNetwork.framework */; };
		96B36A991C5AFE3D00DF6038 /* CoreGraphics.framework in Frameworks */ = {isa = PBXBuildFile; fileRef = 96B36A981C5AFE3D00DF6038 /* CoreGraphics.framework */; };
		96B36A9B1C5AFE4A00DF6038 /* CoreLocation.framework in Frameworks */ = {isa = PBXBuildFile; fileRef = 96B36A9A1C5AFE4A00DF6038 /* CoreLocation.framework */; };
		96B36A9E1C5AFF2C00DF6038 /* libz.tbd in Frameworks */ = {isa = PBXBuildFile; fileRef = 96B36A9D1C5AFF2C00DF6038 /* libz.tbd */; };
		96B36AA01C5AFF3800DF6038 /* libsqlite3.tbd in Frameworks */ = {isa = PBXBuildFile; fileRef = 96B36A9F1C5AFF3800DF6038 /* libsqlite3.tbd */; };
		96C886D81C84F5AC008E668B /* DriversOrdersUITests.swift in Sources */ = {isa = PBXBuildFile; fileRef = 96C886D71C84F5AC008E668B /* DriversOrdersUITests.swift */; };
		96C886DA1C891BCE008E668B /* ChangePasswordViewController.swift in Sources */ = {isa = PBXBuildFile; fileRef = 96C886D91C891BCE008E668B /* ChangePasswordViewController.swift */; };
		96DBF85B1C7924FB0090F7F6 /* GetThatOrderTableViewController.swift in Sources */ = {isa = PBXBuildFile; fileRef = 96DBF85A1C7924FB0090F7F6 /* GetThatOrderTableViewController.swift */; };
		96DBF85D1C796FA70090F7F6 /* ParseDate.swift in Sources */ = {isa = PBXBuildFile; fileRef = 96DBF85C1C796FA70090F7F6 /* ParseDate.swift */; };
		96DD81D71C56B8AE004CE3A7 /* AppDelegate.swift in Sources */ = {isa = PBXBuildFile; fileRef = 96DD81D61C56B8AE004CE3A7 /* AppDelegate.swift */; };
		96DD81D91C56B8AE004CE3A7 /* LogInViewController.swift in Sources */ = {isa = PBXBuildFile; fileRef = 96DD81D81C56B8AE004CE3A7 /* LogInViewController.swift */; };
		96DD81DC1C56B8AE004CE3A7 /* Main.storyboard in Resources */ = {isa = PBXBuildFile; fileRef = 96DD81DA1C56B8AE004CE3A7 /* Main.storyboard */; };
		96DD81DE1C56B8AE004CE3A7 /* Assets.xcassets in Resources */ = {isa = PBXBuildFile; fileRef = 96DD81DD1C56B8AE004CE3A7 /* Assets.xcassets */; };
		96DD81E11C56B8AE004CE3A7 /* LaunchScreen.storyboard in Resources */ = {isa = PBXBuildFile; fileRef = 96DD81DF1C56B8AE004CE3A7 /* LaunchScreen.storyboard */; };
		96DD81EC1C56B8AF004CE3A7 /* SeniorProjectTests.swift in Sources */ = {isa = PBXBuildFile; fileRef = 96DD81EB1C56B8AF004CE3A7 /* SeniorProjectTests.swift */; };
		96DD81F71C56B8AF004CE3A7 /* SeniorProjectUITests.swift in Sources */ = {isa = PBXBuildFile; fileRef = 96DD81F61C56B8AF004CE3A7 /* SeniorProjectUITests.swift */; };
		96DD82051C56CEBE004CE3A7 /* CreateAccountViewController.swift in Sources */ = {isa = PBXBuildFile; fileRef = 96DD82041C56CEBE004CE3A7 /* CreateAccountViewController.swift */; };
		9B049BD01C87C0C8002655D0 /* ExpiresInViewController.swift in Sources */ = {isa = PBXBuildFile; fileRef = 9B049BCF1C87C0C8002655D0 /* ExpiresInViewController.swift */; };
		9B049C521C8925D2002655D0 /* RestaurantsNewOrderTableViewController.swift in Sources */ = {isa = PBXBuildFile; fileRef = 9B049C511C8925D2002655D0 /* RestaurantsNewOrderTableViewController.swift */; };
		9B32020B1C8D33E800749264 /* GetThatOrderTableViewControllerUnitTests.swift in Sources */ = {isa = PBXBuildFile; fileRef = 9B32020A1C8D33E800749264 /* GetThatOrderTableViewControllerUnitTests.swift */; };
		9B32020D1C8DF58600749264 /* AppDelegate.swift in Sources */ = {isa = PBXBuildFile; fileRef = 9B32020C1C8DF58600749264 /* AppDelegate.swift */; };
		9B3202111C8E1D0F00749264 /* NewFoodItemViewControllerUITests.swift in Sources */ = {isa = PBXBuildFile; fileRef = 9B3202101C8E1D0F00749264 /* NewFoodItemViewControllerUITests.swift */; };
		9B3202531C97599100749264 /* Notification.swift in Sources */ = {isa = PBXBuildFile; fileRef = 9B3202521C97599100749264 /* Notification.swift */; };
		9B7AD0E21CAD6E4C00BF036F /* CustomDeliveryLocationTableViewCellUnitTests.swift in Sources */ = {isa = PBXBuildFile; fileRef = 9B7AD0E11CAD6E4C00BF036F /* CustomDeliveryLocationTableViewCellUnitTests.swift */; };
		9B7AD0E41CAD704000BF036F /* DeliveryLocationTableViewControllerUnitTests.swift in Sources */ = {isa = PBXBuildFile; fileRef = 9B7AD0E31CAD704000BF036F /* DeliveryLocationTableViewControllerUnitTests.swift */; };
		9B7AD15B1CB156A300BF036F /* CustomerDestinationsUnitTests.swift in Sources */ = {isa = PBXBuildFile; fileRef = 9B7AD15A1CB156A300BF036F /* CustomerDestinationsUnitTests.swift */; };
		9B8E40CC1C85198200B4B77E /* Bolts.framework in Frameworks */ = {isa = PBXBuildFile; fileRef = 9B8E40CA1C85198200B4B77E /* Bolts.framework */; };
		9B8E40CD1C85198200B4B77E /* Bolts.framework in Frameworks */ = {isa = PBXBuildFile; fileRef = 9B8E40CA1C85198200B4B77E /* Bolts.framework */; };
		9B8E40D01C85199100B4B77E /* Parse.framework in Frameworks */ = {isa = PBXBuildFile; fileRef = 9B8E40CE1C85199100B4B77E /* Parse.framework */; };
		9B8E40D11C85199100B4B77E /* Parse.framework in Frameworks */ = {isa = PBXBuildFile; fileRef = 9B8E40CE1C85199100B4B77E /* Parse.framework */; };
		9B8E40D31C85199B00B4B77E /* ParseUI.framework in Frameworks */ = {isa = PBXBuildFile; fileRef = 9B8E40D21C85199B00B4B77E /* ParseUI.framework */; };
		9B8E40D41C85199B00B4B77E /* ParseUI.framework in Frameworks */ = {isa = PBXBuildFile; fileRef = 9B8E40D21C85199B00B4B77E /* ParseUI.framework */; };
		9B8E40D51C85199B00B4B77E /* ParseUI.framework in Frameworks */ = {isa = PBXBuildFile; fileRef = 9B8E40D21C85199B00B4B77E /* ParseUI.framework */; };
		9B8E41D11C86810E00B4B77E /* MyOrdersUnitTests.swift in Sources */ = {isa = PBXBuildFile; fileRef = 9B8E41D01C86810E00B4B77E /* MyOrdersUnitTests.swift */; };
		9B9A0EED1C74113D00983BA9 /* SettingsViewController.swift in Sources */ = {isa = PBXBuildFile; fileRef = 9B9A0EEC1C74113D00983BA9 /* SettingsViewController.swift */; };
		9B9A0EF11C7BA18D00983BA9 /* MyOrdersViewController.swift in Sources */ = {isa = PBXBuildFile; fileRef = 9B9A0EF01C7BA18D00983BA9 /* MyOrdersViewController.swift */; };
		9B9A0EF91C7D4D4800983BA9 /* MyOrderTableViewController.swift in Sources */ = {isa = PBXBuildFile; fileRef = 9B9A0EF81C7D4D4800983BA9 /* MyOrderTableViewController.swift */; };
		9B9F2AF51C9C54FD0053F85F /* ParseDateClassUnitTests.swift in Sources */ = {isa = PBXBuildFile; fileRef = 9B9F2AF41C9C54FD0053F85F /* ParseDateClassUnitTests.swift */; };
		9B9F2AF91CA22D060053F85F /* gcc.gpx in Resources */ = {isa = PBXBuildFile; fileRef = 9B9F2AF81CA22D050053F85F /* gcc.gpx */; };
		9B9F2AFB1CA4CB370053F85F /* DestinationClassUnitTests.swift in Sources */ = {isa = PBXBuildFile; fileRef = 9B9F2AFA1CA4CB370053F85F /* DestinationClassUnitTests.swift */; };
		9B9F2AFD1CA4CC8B0053F85F /* ExpiresInViewControllerUnitTests.swift in Sources */ = {isa = PBXBuildFile; fileRef = 9B9F2AFC1CA4CC8B0053F85F /* ExpiresInViewControllerUnitTests.swift */; };
		9BA4C1E11CB172CF0018F1D0 /* FinishCreateAccountViewControllerUnitTests.swift in Sources */ = {isa = PBXBuildFile; fileRef = 9BA4C1E01CB172CF0018F1D0 /* FinishCreateAccountViewControllerUnitTests.swift */; };
		9BA4C1E31CB17B250018F1D0 /* HomeViewControllerUnitTests.swift in Sources */ = {isa = PBXBuildFile; fileRef = 9BA4C1E21CB17B250018F1D0 /* HomeViewControllerUnitTests.swift */; };
		9BA4C1E51CB498B50018F1D0 /* SettingsViewControllerUnitTests.swift in Sources */ = {isa = PBXBuildFile; fileRef = 9BA4C1E41CB498B50018F1D0 /* SettingsViewControllerUnitTests.swift */; };
		9BBB3C131CB7EAF000443BE5 /* ChangePasswordUITests.swift in Sources */ = {isa = PBXBuildFile; fileRef = 9BBB3C121CB7EAF000443BE5 /* ChangePasswordUITests.swift */; };
		9BF07BF21C89EA4C00F3D3F9 /* DriverOrdersUnitTesting.swift in Sources */ = {isa = PBXBuildFile; fileRef = 9BF07BF11C89EA4C00F3D3F9 /* DriverOrdersUnitTesting.swift */; };
		9BF07BF41C89F52A00F3D3F9 /* example.swift in Sources */ = {isa = PBXBuildFile; fileRef = 9BF07BF31C89F52A00F3D3F9 /* example.swift */; };
		9BF07BFC1C8CC5DB00F3D3F9 /* CreateAccountClassTests.swift in Sources */ = {isa = PBXBuildFile; fileRef = 9BF07BFB1C8CC5DB00F3D3F9 /* CreateAccountClassTests.swift */; };
/* End PBXBuildFile section */

/* Begin PBXContainerItemProxy section */
		96DD81E81C56B8AF004CE3A7 /* PBXContainerItemProxy */ = {
			isa = PBXContainerItemProxy;
			containerPortal = 96DD81CB1C56B8AE004CE3A7 /* Project object */;
			proxyType = 1;
			remoteGlobalIDString = 96DD81D21C56B8AE004CE3A7;
			remoteInfo = SeniorProject;
		};
		96DD81F31C56B8AF004CE3A7 /* PBXContainerItemProxy */ = {
			isa = PBXContainerItemProxy;
			containerPortal = 96DD81CB1C56B8AE004CE3A7 /* Project object */;
			proxyType = 1;
			remoteGlobalIDString = 96DD81D21C56B8AE004CE3A7;
			remoteInfo = SeniorProject;
		};
/* End PBXContainerItemProxy section */

/* Begin PBXFileReference section */
		3611FFB61C6AAA7E00971C2A /* HomeViewController.swift */ = {isa = PBXFileReference; fileEncoding = 4; lastKnownFileType = sourcecode.swift; path = HomeViewController.swift; sourceTree = "<group>"; };
		363103961CA05BE500536DE4 /* CurrentLocation.swift */ = {isa = PBXFileReference; fileEncoding = 4; lastKnownFileType = sourcecode.swift; path = CurrentLocation.swift; sourceTree = "<group>"; };
		3641A5951C8E28020046BC97 /* DeliveryLocationTableViewController.swift */ = {isa = PBXFileReference; fileEncoding = 4; lastKnownFileType = sourcecode.swift; path = DeliveryLocationTableViewController.swift; sourceTree = "<group>"; };
		3641A5971C8E41220046BC97 /* CustomDeliveryLocationTableViewCell.swift */ = {isa = PBXFileReference; fileEncoding = 4; lastKnownFileType = sourcecode.swift; path = CustomDeliveryLocationTableViewCell.swift; sourceTree = "<group>"; };
		3641A5991C8E55E60046BC97 /* CustomerDestinations.swift */ = {isa = PBXFileReference; fileEncoding = 4; lastKnownFileType = sourcecode.swift; path = CustomerDestinations.swift; sourceTree = "<group>"; };
		3641A59B1C8E568C0046BC97 /* Destination.swift */ = {isa = PBXFileReference; fileEncoding = 4; lastKnownFileType = sourcecode.swift; path = Destination.swift; sourceTree = "<group>"; };
		3661ED461CB723F30061BF1C /* InterfaceManipulationTests.swift */ = {isa = PBXFileReference; fileEncoding = 4; lastKnownFileType = sourcecode.swift; path = InterfaceManipulationTests.swift; sourceTree = "<group>"; };
		3661ED481CB7ED1A0061BF1C /* NewOrderVCUnitTests.swift */ = {isa = PBXFileReference; fileEncoding = 4; lastKnownFileType = sourcecode.swift; path = NewOrderVCUnitTests.swift; sourceTree = "<group>"; };
		3661ED4A1CB807F10061BF1C /* RestaurantsNewOrderTVCUnitTests.swift */ = {isa = PBXFileReference; fileEncoding = 4; lastKnownFileType = sourcecode.swift; path = RestaurantsNewOrderTVCUnitTests.swift; sourceTree = "<group>"; };
		3661ED4C1CB873430061BF1C /* ChooseDriverTVCUnitTests.swift */ = {isa = PBXFileReference; fileEncoding = 4; lastKnownFileType = sourcecode.swift; path = ChooseDriverTVCUnitTests.swift; sourceTree = "<group>"; };
		36AB6DF11CA4A5B700C64FEE /* Commit on March 24.txt */ = {isa = PBXFileReference; fileEncoding = 4; lastKnownFileType = text; path = "Commit on March 24.txt"; sourceTree = "<group>"; };
		36B92B6D1C9B960F00E29A3B /* PointsOfInterest.swift */ = {isa = PBXFileReference; fileEncoding = 4; lastKnownFileType = sourcecode.swift; path = PointsOfInterest.swift; sourceTree = "<group>"; };
		36B92B6F1C9BA43A00E29A3B /* Restaurant.swift */ = {isa = PBXFileReference; fileEncoding = 4; lastKnownFileType = sourcecode.swift; path = Restaurant.swift; sourceTree = "<group>"; };
		36B92B721C9C5C4B00E29A3B /* NewFoodItemTableViewController.swift */ = {isa = PBXFileReference; fileEncoding = 4; lastKnownFileType = sourcecode.swift; path = NewFoodItemTableViewController.swift; sourceTree = "<group>"; };
		36B92B741C9DEC4400E29A3B /* Order.swift */ = {isa = PBXFileReference; fileEncoding = 4; lastKnownFileType = sourcecode.swift; path = Order.swift; sourceTree = "<group>"; };
		36D08F251C72232C005B1E90 /* DriverOrdersViewController.swift */ = {isa = PBXFileReference; fileEncoding = 4; lastKnownFileType = sourcecode.swift; path = DriverOrdersViewController.swift; sourceTree = "<group>"; };
		36D08F6D1C775B59005B1E90 /* DriverRestaurantsViewController.swift */ = {isa = PBXFileReference; fileEncoding = 4; lastKnownFileType = sourcecode.swift; path = DriverRestaurantsViewController.swift; sourceTree = "<group>"; };
		36D08F6F1C776AEA005B1E90 /* DriverRestaurantPreferences.swift */ = {isa = PBXFileReference; fileEncoding = 4; lastKnownFileType = sourcecode.swift; path = DriverRestaurantPreferences.swift; sourceTree = "<group>"; };
		36D08F751C7A72C6005B1E90 /* ChooseDriverTableViewController.swift */ = {isa = PBXFileReference; fileEncoding = 4; lastKnownFileType = sourcecode.swift; path = ChooseDriverTableViewController.swift; sourceTree = "<group>"; };
		36D08F771C7A73B2005B1E90 /* Drivers.swift */ = {isa = PBXFileReference; fileEncoding = 4; lastKnownFileType = sourcecode.swift; path = Drivers.swift; sourceTree = "<group>"; };
		36D08F791C7ABC74005B1E90 /* SeniorProject-Bridging-Header.h */ = {isa = PBXFileReference; fileEncoding = 4; lastKnownFileType = sourcecode.c.h; path = "SeniorProject-Bridging-Header.h"; sourceTree = "<group>"; };
		36D08F7A1C7BAF1E005B1E90 /* HomeUITests.swift */ = {isa = PBXFileReference; fileEncoding = 4; lastKnownFileType = sourcecode.swift; path = HomeUITests.swift; sourceTree = "<group>"; };
		36D08F7C1C7BB29C005B1E90 /* NewOrderUITests.swift */ = {isa = PBXFileReference; fileEncoding = 4; lastKnownFileType = sourcecode.swift; path = NewOrderUITests.swift; sourceTree = "<group>"; };
		36D090401C8B6D86005B1E90 /* InterfaceManipulation.swift */ = {isa = PBXFileReference; fileEncoding = 4; lastKnownFileType = sourcecode.swift; path = InterfaceManipulation.swift; sourceTree = "<group>"; };
		36E204721C5A886200A9CC59 /* SystemConfiguration.framework */ = {isa = PBXFileReference; lastKnownFileType = wrapper.framework; name = SystemConfiguration.framework; path = System/Library/Frameworks/SystemConfiguration.framework; sourceTree = SDKROOT; };
		36E204741C5A888000A9CC59 /* libstdc++.6.tbd */ = {isa = PBXFileReference; lastKnownFileType = "sourcecode.text-based-dylib-definition"; name = "libstdc++.6.tbd"; path = "usr/lib/libstdc++.6.tbd"; sourceTree = SDKROOT; };
		36E204761C5A889100A9CC59 /* AudioToolbox.framework */ = {isa = PBXFileReference; lastKnownFileType = wrapper.framework; name = AudioToolbox.framework; path = System/Library/Frameworks/AudioToolbox.framework; sourceTree = SDKROOT; };
		36E2047E1C5A897500A9CC59 /* MapKit.framework */ = {isa = PBXFileReference; lastKnownFileType = wrapper.framework; name = MapKit.framework; path = System/Library/Frameworks/MapKit.framework; sourceTree = SDKROOT; };
		36E204801C5BD03D00A9CC59 /* Settings.swift */ = {isa = PBXFileReference; fileEncoding = 4; lastKnownFileType = sourcecode.swift; path = Settings.swift; sourceTree = "<group>"; };
		36EF353F1CA3002800C160BE /* PFOrder.swift */ = {isa = PBXFileReference; fileEncoding = 4; lastKnownFileType = sourcecode.swift; path = PFOrder.swift; sourceTree = "<group>"; };
		36EF35411CA30E5300C160BE /* PFDriverAvailability.swift */ = {isa = PBXFileReference; fileEncoding = 4; lastKnownFileType = sourcecode.swift; path = PFDriverAvailability.swift; sourceTree = "<group>"; };
		36EF35431CA31FE400C160BE /* PFUnavailableRestaurant.swift */ = {isa = PBXFileReference; fileEncoding = 4; lastKnownFileType = sourcecode.swift; path = PFUnavailableRestaurant.swift; sourceTree = "<group>"; };
		36EF35471CA3992C00C160BE /* PFOrderedItems.swift */ = {isa = PBXFileReference; fileEncoding = 4; lastKnownFileType = sourcecode.swift; path = PFOrderedItems.swift; sourceTree = "<group>"; };
		36EF35491CA39AE500C160BE /* PFFood.swift */ = {isa = PBXFileReference; fileEncoding = 4; lastKnownFileType = sourcecode.swift; path = PFFood.swift; sourceTree = "<group>"; };
		36EF354B1CA44DBE00C160BE /* PFDestination.swift */ = {isa = PBXFileReference; fileEncoding = 4; lastKnownFileType = sourcecode.swift; path = PFDestination.swift; sourceTree = "<group>"; };
		36F5067F1C64E9500014D506 /* CreateAccount.swift */ = {isa = PBXFileReference; fileEncoding = 4; lastKnownFileType = sourcecode.swift; path = CreateAccount.swift; sourceTree = "<group>"; };
		36F506811C68F0C70014D506 /* FinishCreateAccountViewController.swift */ = {isa = PBXFileReference; fileEncoding = 4; lastKnownFileType = sourcecode.swift; path = FinishCreateAccountViewController.swift; sourceTree = "<group>"; };
		402FC81E1CAACBF200B774D1 /* FoodClassUnitTests.swift */ = {isa = PBXFileReference; fileEncoding = 4; lastKnownFileType = sourcecode.swift; name = FoodClassUnitTests.swift; path = SeniorProjectTests/FoodClassUnitTests.swift; sourceTree = SOURCE_ROOT; };
		4053ACB51C5AF31300B21B29 /* NewOrderViewController.swift */ = {isa = PBXFileReference; fileEncoding = 4; lastKnownFileType = sourcecode.swift; path = NewOrderViewController.swift; sourceTree = "<group>"; };
		963A324C1C8CDFD40090CB2C /* Food.swift */ = {isa = PBXFileReference; fileEncoding = 4; lastKnownFileType = sourcecode.swift; path = Food.swift; sourceTree = "<group>"; };
		964B36351C5FF1E100B305CA /* Validation.swift */ = {isa = PBXFileReference; fileEncoding = 4; lastKnownFileType = sourcecode.swift; path = Validation.swift; sourceTree = "<group>"; };
		96B36A941C5AFE1600DF6038 /* Security.framework */ = {isa = PBXFileReference; lastKnownFileType = wrapper.framework; name = Security.framework; path = System/Library/Frameworks/Security.framework; sourceTree = SDKROOT; };
		96B36A961C5AFE2900DF6038 /* CFNetwork.framework */ = {isa = PBXFileReference; lastKnownFileType = wrapper.framework; name = CFNetwork.framework; path = System/Library/Frameworks/CFNetwork.framework; sourceTree = SDKROOT; };
		96B36A981C5AFE3D00DF6038 /* CoreGraphics.framework */ = {isa = PBXFileReference; lastKnownFileType = wrapper.framework; name = CoreGraphics.framework; path = System/Library/Frameworks/CoreGraphics.framework; sourceTree = SDKROOT; };
		96B36A9A1C5AFE4A00DF6038 /* CoreLocation.framework */ = {isa = PBXFileReference; lastKnownFileType = wrapper.framework; name = CoreLocation.framework; path = System/Library/Frameworks/CoreLocation.framework; sourceTree = SDKROOT; };
		96B36A9D1C5AFF2C00DF6038 /* libz.tbd */ = {isa = PBXFileReference; lastKnownFileType = "sourcecode.text-based-dylib-definition"; name = libz.tbd; path = usr/lib/libz.tbd; sourceTree = SDKROOT; };
		96B36A9F1C5AFF3800DF6038 /* libsqlite3.tbd */ = {isa = PBXFileReference; lastKnownFileType = "sourcecode.text-based-dylib-definition"; name = libsqlite3.tbd; path = usr/lib/libsqlite3.tbd; sourceTree = SDKROOT; };
		96B36AA11C5AFF4700DF6038 /* StoreKit.framework */ = {isa = PBXFileReference; lastKnownFileType = wrapper.framework; name = StoreKit.framework; path = System/Library/Frameworks/StoreKit.framework; sourceTree = SDKROOT; };
		96C886D71C84F5AC008E668B /* DriversOrdersUITests.swift */ = {isa = PBXFileReference; fileEncoding = 4; lastKnownFileType = sourcecode.swift; path = DriversOrdersUITests.swift; sourceTree = "<group>"; };
		96C886D91C891BCE008E668B /* ChangePasswordViewController.swift */ = {isa = PBXFileReference; fileEncoding = 4; lastKnownFileType = sourcecode.swift; path = ChangePasswordViewController.swift; sourceTree = "<group>"; };
		96DBF85A1C7924FB0090F7F6 /* GetThatOrderTableViewController.swift */ = {isa = PBXFileReference; fileEncoding = 4; lastKnownFileType = sourcecode.swift; path = GetThatOrderTableViewController.swift; sourceTree = "<group>"; };
		96DBF85C1C796FA70090F7F6 /* ParseDate.swift */ = {isa = PBXFileReference; fileEncoding = 4; lastKnownFileType = sourcecode.swift; path = ParseDate.swift; sourceTree = "<group>"; };
		96DD81D31C56B8AE004CE3A7 /* SeniorProject.app */ = {isa = PBXFileReference; explicitFileType = wrapper.application; includeInIndex = 0; path = SeniorProject.app; sourceTree = BUILT_PRODUCTS_DIR; };
		96DD81D61C56B8AE004CE3A7 /* AppDelegate.swift */ = {isa = PBXFileReference; lastKnownFileType = sourcecode.swift; path = AppDelegate.swift; sourceTree = "<group>"; };
		96DD81D81C56B8AE004CE3A7 /* LogInViewController.swift */ = {isa = PBXFileReference; lastKnownFileType = sourcecode.swift; path = LogInViewController.swift; sourceTree = "<group>"; };
		96DD81DB1C56B8AE004CE3A7 /* Base */ = {isa = PBXFileReference; lastKnownFileType = file.storyboard; name = Base; path = Base.lproj/Main.storyboard; sourceTree = "<group>"; };
		96DD81DD1C56B8AE004CE3A7 /* Assets.xcassets */ = {isa = PBXFileReference; lastKnownFileType = folder.assetcatalog; path = Assets.xcassets; sourceTree = "<group>"; };
		96DD81E01C56B8AE004CE3A7 /* Base */ = {isa = PBXFileReference; lastKnownFileType = file.storyboard; name = Base; path = Base.lproj/LaunchScreen.storyboard; sourceTree = "<group>"; };
		96DD81E21C56B8AE004CE3A7 /* Info.plist */ = {isa = PBXFileReference; lastKnownFileType = text.plist.xml; path = Info.plist; sourceTree = "<group>"; };
		96DD81E71C56B8AF004CE3A7 /* SeniorProjectTests.xctest */ = {isa = PBXFileReference; explicitFileType = wrapper.cfbundle; includeInIndex = 0; path = SeniorProjectTests.xctest; sourceTree = BUILT_PRODUCTS_DIR; };
		96DD81EB1C56B8AF004CE3A7 /* SeniorProjectTests.swift */ = {isa = PBXFileReference; lastKnownFileType = sourcecode.swift; path = SeniorProjectTests.swift; sourceTree = "<group>"; };
		96DD81ED1C56B8AF004CE3A7 /* Info.plist */ = {isa = PBXFileReference; lastKnownFileType = text.plist.xml; path = Info.plist; sourceTree = "<group>"; };
		96DD81F21C56B8AF004CE3A7 /* SeniorProjectUITests.xctest */ = {isa = PBXFileReference; explicitFileType = wrapper.cfbundle; includeInIndex = 0; path = SeniorProjectUITests.xctest; sourceTree = BUILT_PRODUCTS_DIR; };
		96DD81F61C56B8AF004CE3A7 /* SeniorProjectUITests.swift */ = {isa = PBXFileReference; lastKnownFileType = sourcecode.swift; path = SeniorProjectUITests.swift; sourceTree = "<group>"; };
		96DD82041C56CEBE004CE3A7 /* CreateAccountViewController.swift */ = {isa = PBXFileReference; fileEncoding = 4; lastKnownFileType = sourcecode.swift; path = CreateAccountViewController.swift; sourceTree = "<group>"; };
		9B049BCF1C87C0C8002655D0 /* ExpiresInViewController.swift */ = {isa = PBXFileReference; fileEncoding = 4; lastKnownFileType = sourcecode.swift; path = ExpiresInViewController.swift; sourceTree = "<group>"; };
		9B049C511C8925D2002655D0 /* RestaurantsNewOrderTableViewController.swift */ = {isa = PBXFileReference; fileEncoding = 4; lastKnownFileType = sourcecode.swift; path = RestaurantsNewOrderTableViewController.swift; sourceTree = "<group>"; };
		9B32020A1C8D33E800749264 /* GetThatOrderTableViewControllerUnitTests.swift */ = {isa = PBXFileReference; fileEncoding = 4; lastKnownFileType = sourcecode.swift; path = GetThatOrderTableViewControllerUnitTests.swift; sourceTree = "<group>"; };
		9B32020C1C8DF58600749264 /* AppDelegate.swift */ = {isa = PBXFileReference; fileEncoding = 4; lastKnownFileType = sourcecode.swift; path = AppDelegate.swift; sourceTree = "<group>"; };
		9B3202101C8E1D0F00749264 /* NewFoodItemViewControllerUITests.swift */ = {isa = PBXFileReference; fileEncoding = 4; lastKnownFileType = sourcecode.swift; path = NewFoodItemViewControllerUITests.swift; sourceTree = "<group>"; };
		9B3202521C97599100749264 /* Notification.swift */ = {isa = PBXFileReference; fileEncoding = 4; lastKnownFileType = sourcecode.swift; path = Notification.swift; sourceTree = "<group>"; };
		9B7AD0E11CAD6E4C00BF036F /* CustomDeliveryLocationTableViewCellUnitTests.swift */ = {isa = PBXFileReference; fileEncoding = 4; lastKnownFileType = sourcecode.swift; path = CustomDeliveryLocationTableViewCellUnitTests.swift; sourceTree = "<group>"; };
		9B7AD0E31CAD704000BF036F /* DeliveryLocationTableViewControllerUnitTests.swift */ = {isa = PBXFileReference; fileEncoding = 4; lastKnownFileType = sourcecode.swift; path = DeliveryLocationTableViewControllerUnitTests.swift; sourceTree = "<group>"; };
		9B7AD15A1CB156A300BF036F /* CustomerDestinationsUnitTests.swift */ = {isa = PBXFileReference; fileEncoding = 4; lastKnownFileType = sourcecode.swift; path = CustomerDestinationsUnitTests.swift; sourceTree = "<group>"; };
		9B8C763D1CAB6977005E9F82 /* DriversClassTests.swift */ = {isa = PBXFileReference; fileEncoding = 4; lastKnownFileType = sourcecode.swift; path = DriversClassTests.swift; sourceTree = "<group>"; };
		9B8C76411CAB69A1005E9F82 /* ValidationClassTests.swift */ = {isa = PBXFileReference; fileEncoding = 4; lastKnownFileType = sourcecode.swift; path = ValidationClassTests.swift; sourceTree = "<group>"; };
		9B8C76431CAB69DD005E9F82 /* DriverRestaurantsPreferencesClassTests.swift */ = {isa = PBXFileReference; fileEncoding = 4; lastKnownFileType = sourcecode.swift; path = DriverRestaurantsPreferencesClassTests.swift; sourceTree = "<group>"; };
		9B8C76451CAB69FB005E9F82 /* NewFoodItemViewControllerUnitTests.swift */ = {isa = PBXFileReference; fileEncoding = 4; lastKnownFileType = sourcecode.swift; path = NewFoodItemViewControllerUnitTests.swift; sourceTree = "<group>"; };
		9B8C76471CAB6A0A005E9F82 /* SettingsClassTests.swift */ = {isa = PBXFileReference; fileEncoding = 4; lastKnownFileType = sourcecode.swift; path = SettingsClassTests.swift; sourceTree = "<group>"; };
		9B8E40CA1C85198200B4B77E /* Bolts.framework */ = {isa = PBXFileReference; lastKnownFileType = wrapper.framework; path = Bolts.framework; sourceTree = "<group>"; };
		9B8E40CE1C85199100B4B77E /* Parse.framework */ = {isa = PBXFileReference; lastKnownFileType = wrapper.framework; path = Parse.framework; sourceTree = "<group>"; };
		9B8E40D21C85199B00B4B77E /* ParseUI.framework */ = {isa = PBXFileReference; lastKnownFileType = wrapper.framework; path = ParseUI.framework; sourceTree = "<group>"; };
		9B8E41D01C86810E00B4B77E /* MyOrdersUnitTests.swift */ = {isa = PBXFileReference; fileEncoding = 4; lastKnownFileType = sourcecode.swift; path = MyOrdersUnitTests.swift; sourceTree = "<group>"; };
		9B9A0EEC1C74113D00983BA9 /* SettingsViewController.swift */ = {isa = PBXFileReference; fileEncoding = 4; lastKnownFileType = sourcecode.swift; path = SettingsViewController.swift; sourceTree = "<group>"; };
		9B9A0EF01C7BA18D00983BA9 /* MyOrdersViewController.swift */ = {isa = PBXFileReference; fileEncoding = 4; lastKnownFileType = sourcecode.swift; path = MyOrdersViewController.swift; sourceTree = "<group>"; };
		9B9A0EF81C7D4D4800983BA9 /* MyOrderTableViewController.swift */ = {isa = PBXFileReference; fileEncoding = 4; lastKnownFileType = sourcecode.swift; path = MyOrderTableViewController.swift; sourceTree = "<group>"; };
		9B9F2AF41C9C54FD0053F85F /* ParseDateClassUnitTests.swift */ = {isa = PBXFileReference; fileEncoding = 4; lastKnownFileType = sourcecode.swift; path = ParseDateClassUnitTests.swift; sourceTree = "<group>"; };
		9B9F2AF81CA22D050053F85F /* gcc.gpx */ = {isa = PBXFileReference; fileEncoding = 4; lastKnownFileType = text.xml; path = gcc.gpx; sourceTree = "<group>"; };
		9B9F2AFA1CA4CB370053F85F /* DestinationClassUnitTests.swift */ = {isa = PBXFileReference; fileEncoding = 4; lastKnownFileType = sourcecode.swift; path = DestinationClassUnitTests.swift; sourceTree = "<group>"; };
		9B9F2AFC1CA4CC8B0053F85F /* ExpiresInViewControllerUnitTests.swift */ = {isa = PBXFileReference; fileEncoding = 4; lastKnownFileType = sourcecode.swift; path = ExpiresInViewControllerUnitTests.swift; sourceTree = "<group>"; };
		9BA4C1E01CB172CF0018F1D0 /* FinishCreateAccountViewControllerUnitTests.swift */ = {isa = PBXFileReference; fileEncoding = 4; lastKnownFileType = sourcecode.swift; path = FinishCreateAccountViewControllerUnitTests.swift; sourceTree = "<group>"; };
		9BA4C1E21CB17B250018F1D0 /* HomeViewControllerUnitTests.swift */ = {isa = PBXFileReference; fileEncoding = 4; lastKnownFileType = sourcecode.swift; path = HomeViewControllerUnitTests.swift; sourceTree = "<group>"; };
		9BA4C1E41CB498B50018F1D0 /* SettingsViewControllerUnitTests.swift */ = {isa = PBXFileReference; fileEncoding = 4; lastKnownFileType = sourcecode.swift; path = SettingsViewControllerUnitTests.swift; sourceTree = "<group>"; };
		9BBB3C121CB7EAF000443BE5 /* ChangePasswordUITests.swift */ = {isa = PBXFileReference; fileEncoding = 4; lastKnownFileType = sourcecode.swift; path = ChangePasswordUITests.swift; sourceTree = "<group>"; };
		9BF07BF11C89EA4C00F3D3F9 /* DriverOrdersUnitTesting.swift */ = {isa = PBXFileReference; fileEncoding = 4; lastKnownFileType = sourcecode.swift; path = DriverOrdersUnitTesting.swift; sourceTree = "<group>"; };
		9BF07BF31C89F52A00F3D3F9 /* example.swift */ = {isa = PBXFileReference; fileEncoding = 4; lastKnownFileType = sourcecode.swift; path = example.swift; sourceTree = "<group>"; };
		9BF07BFB1C8CC5DB00F3D3F9 /* CreateAccountClassTests.swift */ = {isa = PBXFileReference; fileEncoding = 4; lastKnownFileType = sourcecode.swift; path = CreateAccountClassTests.swift; sourceTree = "<group>"; };
/* End PBXFileReference section */

/* Begin PBXFrameworksBuildPhase section */
		96DD81D01C56B8AE004CE3A7 /* Frameworks */ = {
			isa = PBXFrameworksBuildPhase;
			buildActionMask = 2147483647;
			files = (
				367BA9281CAC067400379AF3 /* Bolts.framework in Frameworks */,
				367BA9271CAC066200379AF3 /* Parse.framework in Frameworks */,
				96B36AA01C5AFF3800DF6038 /* libsqlite3.tbd in Frameworks */,
				96B36A9E1C5AFF2C00DF6038 /* libz.tbd in Frameworks */,
				96B36A9B1C5AFE4A00DF6038 /* CoreLocation.framework in Frameworks */,
				96B36A991C5AFE3D00DF6038 /* CoreGraphics.framework in Frameworks */,
				96B36A971C5AFE2900DF6038 /* CFNetwork.framework in Frameworks */,
				9B8E40D31C85199B00B4B77E /* ParseUI.framework in Frameworks */,
				96B36A951C5AFE1600DF6038 /* Security.framework in Frameworks */,
				36E204771C5A889100A9CC59 /* AudioToolbox.framework in Frameworks */,
				36E2047F1C5A897500A9CC59 /* MapKit.framework in Frameworks */,
				36E204731C5A886200A9CC59 /* SystemConfiguration.framework in Frameworks */,
			);
			runOnlyForDeploymentPostprocessing = 0;
		};
		96DD81E41C56B8AF004CE3A7 /* Frameworks */ = {
			isa = PBXFrameworksBuildPhase;
			buildActionMask = 2147483647;
			files = (
				9B8E40D41C85199B00B4B77E /* ParseUI.framework in Frameworks */,
				9B8E40D01C85199100B4B77E /* Parse.framework in Frameworks */,
				9B8E40CC1C85198200B4B77E /* Bolts.framework in Frameworks */,
			);
			runOnlyForDeploymentPostprocessing = 0;
		};
		96DD81EF1C56B8AF004CE3A7 /* Frameworks */ = {
			isa = PBXFrameworksBuildPhase;
			buildActionMask = 2147483647;
			files = (
				9B8E40D51C85199B00B4B77E /* ParseUI.framework in Frameworks */,
				9B8E40D11C85199100B4B77E /* Parse.framework in Frameworks */,
				9B8E40CD1C85198200B4B77E /* Bolts.framework in Frameworks */,
			);
			runOnlyForDeploymentPostprocessing = 0;
		};
/* End PBXFrameworksBuildPhase section */

/* Begin PBXGroup section */
		364A6FDF1C98EDE50088116D /* Driver side */ = {
			isa = PBXGroup;
			children = (
				9B8C763D1CAB6977005E9F82 /* DriversClassTests.swift */,
				9BF07BF11C89EA4C00F3D3F9 /* DriverOrdersUnitTesting.swift */,
				9B32020A1C8D33E800749264 /* GetThatOrderTableViewControllerUnitTests.swift */,
			);
			name = "Driver side";
			sourceTree = "<group>";
		};
		364A6FE01C98EDEB0088116D /* Customer side */ = {
			isa = PBXGroup;
			children = (
				402FC81E1CAACBF200B774D1 /* FoodClassUnitTests.swift */,
				3661ED481CB7ED1A0061BF1C /* NewOrderVCUnitTests.swift */,
			);
			name = "Customer side";
			sourceTree = "<group>";
		};
		364A6FE11C98EDF20088116D /* Other ViewControllers */ = {
			isa = PBXGroup;
			children = (
				9BF07BFB1C8CC5DB00F3D3F9 /* CreateAccountClassTests.swift */,
				9B8E41D01C86810E00B4B77E /* MyOrdersUnitTests.swift */,
				9BA4C1E01CB172CF0018F1D0 /* FinishCreateAccountViewControllerUnitTests.swift */,
				9BA4C1E21CB17B250018F1D0 /* HomeViewControllerUnitTests.swift */,
				9BA4C1E41CB498B50018F1D0 /* SettingsViewControllerUnitTests.swift */,
			);
			name = "Other ViewControllers";
			sourceTree = "<group>";
		};
		364A6FE21C98EDFA0088116D /* Subscreens */ = {
			isa = PBXGroup;
			children = (
				9B8C76451CAB69FB005E9F82 /* NewFoodItemViewControllerUnitTests.swift */,
				9B9F2AFC1CA4CC8B0053F85F /* ExpiresInViewControllerUnitTests.swift */,
				9B7AD0E11CAD6E4C00BF036F /* CustomDeliveryLocationTableViewCellUnitTests.swift */,
				9B7AD0E31CAD704000BF036F /* DeliveryLocationTableViewControllerUnitTests.swift */,
				3661ED4A1CB807F10061BF1C /* RestaurantsNewOrderTVCUnitTests.swift */,
				3661ED4C1CB873430061BF1C /* ChooseDriverTVCUnitTests.swift */,
			);
			name = Subscreens;
			sourceTree = "<group>";
		};
		364A6FE31C98EE010088116D /* Classes */ = {
			isa = PBXGroup;
			children = (
				9B9F2AF41C9C54FD0053F85F /* ParseDateClassUnitTests.swift */,
				9B8C76431CAB69DD005E9F82 /* DriverRestaurantsPreferencesClassTests.swift */,
				9B8C76471CAB6A0A005E9F82 /* SettingsClassTests.swift */,
				9B8C76411CAB69A1005E9F82 /* ValidationClassTests.swift */,
				9B9F2AFA1CA4CB370053F85F /* DestinationClassUnitTests.swift */,
				9B7AD15A1CB156A300BF036F /* CustomerDestinationsUnitTests.swift */,
				3661ED461CB723F30061BF1C /* InterfaceManipulationTests.swift */,
			);
			name = Classes;
			sourceTree = "<group>";
		};
		364A6FE41C98EE0D0088116D /* Driver side */ = {
			isa = PBXGroup;
			children = (
				96C886D71C84F5AC008E668B /* DriversOrdersUITests.swift */,
			);
			name = "Driver side";
			sourceTree = "<group>";
		};
		364A6FE51C98EE120088116D /* Customer side */ = {
			isa = PBXGroup;
			children = (
				36D08F7C1C7BB29C005B1E90 /* NewOrderUITests.swift */,
			);
			name = "Customer side";
			sourceTree = "<group>";
		};
		364A6FE61C98EE180088116D /* Other ViewControllers */ = {
			isa = PBXGroup;
			children = (
				36D08F7A1C7BAF1E005B1E90 /* HomeUITests.swift */,
			);
			name = "Other ViewControllers";
			sourceTree = "<group>";
		};
		364A6FE71C98EE1F0088116D /* Subscreens */ = {
			isa = PBXGroup;
			children = (
				9B3202101C8E1D0F00749264 /* NewFoodItemViewControllerUITests.swift */,
				9BBB3C121CB7EAF000443BE5 /* ChangePasswordUITests.swift */,
			);
			name = Subscreens;
			sourceTree = "<group>";
		};
		36B92B711C9BA48700E29A3B /* Models */ = {
			isa = PBXGroup;
			children = (
				36B92B6F1C9BA43A00E29A3B /* Restaurant.swift */,
				3641A59B1C8E568C0046BC97 /* Destination.swift */,
				963A324C1C8CDFD40090CB2C /* Food.swift */,
			);
			name = Models;
			sourceTree = "<group>";
		};
		36D08F1F1C722291005B1E90 /* Driver side */ = {
			isa = PBXGroup;
			children = (
				36D08F251C72232C005B1E90 /* DriverOrdersViewController.swift */,
				36D08F6D1C775B59005B1E90 /* DriverRestaurantsViewController.swift */,
				96DBF85A1C7924FB0090F7F6 /* GetThatOrderTableViewController.swift */,
			);
			name = "Driver side";
			sourceTree = "<group>";
		};
		36D08F211C7222A4005B1E90 /* Customer side */ = {
			isa = PBXGroup;
			children = (
				4053ACB51C5AF31300B21B29 /* NewOrderViewController.swift */,
				9B9A0EF81C7D4D4800983BA9 /* MyOrderTableViewController.swift */,
			);
			name = "Customer side";
			sourceTree = "<group>";
		};
		36D08F231C7222CB005B1E90 /* Other ViewControllers */ = {
			isa = PBXGroup;
			children = (
				96DD81D81C56B8AE004CE3A7 /* LogInViewController.swift */,
				96DD82041C56CEBE004CE3A7 /* CreateAccountViewController.swift */,
				36F506811C68F0C70014D506 /* FinishCreateAccountViewController.swift */,
				3611FFB61C6AAA7E00971C2A /* HomeViewController.swift */,
				9B9A0EEC1C74113D00983BA9 /* SettingsViewController.swift */,
				9B9A0EF01C7BA18D00983BA9 /* MyOrdersViewController.swift */,
			);
			name = "Other ViewControllers";
			sourceTree = "<group>";
		};
		36D08F241C7222F4005B1E90 /* Classes */ = {
			isa = PBXGroup;
			children = (
				36F5067F1C64E9500014D506 /* CreateAccount.swift */,
				964B36351C5FF1E100B305CA /* Validation.swift */,
				36E204801C5BD03D00A9CC59 /* Settings.swift */,
				36D08F6F1C776AEA005B1E90 /* DriverRestaurantPreferences.swift */,
				96DBF85C1C796FA70090F7F6 /* ParseDate.swift */,
				36B92B741C9DEC4400E29A3B /* Order.swift */,
				36D08F771C7A73B2005B1E90 /* Drivers.swift */,
				3641A5991C8E55E60046BC97 /* CustomerDestinations.swift */,
				9B3202521C97599100749264 /* Notification.swift */,
				36B92B6D1C9B960F00E29A3B /* PointsOfInterest.swift */,
				363103961CA05BE500536DE4 /* CurrentLocation.swift */,
			);
			name = Classes;
			sourceTree = "<group>";
		};
		36D090321C89F028005B1E90 /* Subscreens */ = {
			isa = PBXGroup;
			children = (
				96C886D91C891BCE008E668B /* ChangePasswordViewController.swift */,
				9B049BCF1C87C0C8002655D0 /* ExpiresInViewController.swift */,
				36B92B721C9C5C4B00E29A3B /* NewFoodItemTableViewController.swift */,
				36D08F751C7A72C6005B1E90 /* ChooseDriverTableViewController.swift */,
				9B049C511C8925D2002655D0 /* RestaurantsNewOrderTableViewController.swift */,
				3641A5951C8E28020046BC97 /* DeliveryLocationTableViewController.swift */,
				3641A5971C8E41220046BC97 /* CustomDeliveryLocationTableViewCell.swift */,
			);
			name = Subscreens;
			sourceTree = "<group>";
		};
		36EF353E1CA3000900C160BE /* PFObject Subclasses */ = {
			isa = PBXGroup;
			children = (
				36EF353F1CA3002800C160BE /* PFOrder.swift */,
				36EF35471CA3992C00C160BE /* PFOrderedItems.swift */,
				36EF35411CA30E5300C160BE /* PFDriverAvailability.swift */,
				36EF35431CA31FE400C160BE /* PFUnavailableRestaurant.swift */,
				36EF35491CA39AE500C160BE /* PFFood.swift */,
				36EF354B1CA44DBE00C160BE /* PFDestination.swift */,
			);
			name = "PFObject Subclasses";
			sourceTree = "<group>";
		};
		96B36A9C1C5AFEC700DF6038 /* Frameworks */ = {
			isa = PBXGroup;
			children = (
				36E204721C5A886200A9CC59 /* SystemConfiguration.framework */,
				96B36AA11C5AFF4700DF6038 /* StoreKit.framework */,
				96B36A9F1C5AFF3800DF6038 /* libsqlite3.tbd */,
				96B36A9D1C5AFF2C00DF6038 /* libz.tbd */,
				9B8E40CA1C85198200B4B77E /* Bolts.framework */,
				9B8E40CE1C85199100B4B77E /* Parse.framework */,
				9B8E40D21C85199B00B4B77E /* ParseUI.framework */,
				96B36A9A1C5AFE4A00DF6038 /* CoreLocation.framework */,
				96B36A981C5AFE3D00DF6038 /* CoreGraphics.framework */,
				96B36A961C5AFE2900DF6038 /* CFNetwork.framework */,
				96B36A941C5AFE1600DF6038 /* Security.framework */,
				36E2047E1C5A897500A9CC59 /* MapKit.framework */,
				36E204761C5A889100A9CC59 /* AudioToolbox.framework */,
			);
			name = Frameworks;
			sourceTree = "<group>";
		};
		96DD81CA1C56B8AE004CE3A7 = {
			isa = PBXGroup;
			children = (
				36AB6DF11CA4A5B700C64FEE /* Commit on March 24.txt */,
				9B9F2AF81CA22D050053F85F /* gcc.gpx */,
				96B36A9C1C5AFEC700DF6038 /* Frameworks */,
				36E204741C5A888000A9CC59 /* libstdc++.6.tbd */,
				96DD81D51C56B8AE004CE3A7 /* SeniorProject */,
				96DD81EA1C56B8AF004CE3A7 /* SeniorProjectTests */,
				96DD81F51C56B8AF004CE3A7 /* SeniorProjectUITests */,
				96DD81D41C56B8AE004CE3A7 /* Products */,
			);
			sourceTree = "<group>";
		};
		96DD81D41C56B8AE004CE3A7 /* Products */ = {
			isa = PBXGroup;
			children = (
				96DD81D31C56B8AE004CE3A7 /* SeniorProject.app */,
				96DD81E71C56B8AF004CE3A7 /* SeniorProjectTests.xctest */,
				96DD81F21C56B8AF004CE3A7 /* SeniorProjectUITests.xctest */,
			);
			name = Products;
			sourceTree = "<group>";
		};
		96DD81D51C56B8AE004CE3A7 /* SeniorProject */ = {
			isa = PBXGroup;
			children = (
				36EF353E1CA3000900C160BE /* PFObject Subclasses */,
				36B92B711C9BA48700E29A3B /* Models */,
				36D08F241C7222F4005B1E90 /* Classes */,
				36D090321C89F028005B1E90 /* Subscreens */,
				36D08F231C7222CB005B1E90 /* Other ViewControllers */,
				36D08F211C7222A4005B1E90 /* Customer side */,
				36D08F1F1C722291005B1E90 /* Driver side */,
				96DD81DA1C56B8AE004CE3A7 /* Main.storyboard */,
				36D090401C8B6D86005B1E90 /* InterfaceManipulation.swift */,
				96DD81D61C56B8AE004CE3A7 /* AppDelegate.swift */,
				96DD81DD1C56B8AE004CE3A7 /* Assets.xcassets */,
				96DD81DF1C56B8AE004CE3A7 /* LaunchScreen.storyboard */,
				36D08F791C7ABC74005B1E90 /* SeniorProject-Bridging-Header.h */,
				96DD81E21C56B8AE004CE3A7 /* Info.plist */,
			);
			path = SeniorProject;
			sourceTree = "<group>";
		};
		96DD81EA1C56B8AF004CE3A7 /* SeniorProjectTests */ = {
			isa = PBXGroup;
			children = (
				364A6FE31C98EE010088116D /* Classes */,
				364A6FE21C98EDFA0088116D /* Subscreens */,
				364A6FE11C98EDF20088116D /* Other ViewControllers */,
				364A6FE01C98EDEB0088116D /* Customer side */,
				364A6FDF1C98EDE50088116D /* Driver side */,
				96DD81EB1C56B8AF004CE3A7 /* SeniorProjectTests.swift */,
				9B32020C1C8DF58600749264 /* AppDelegate.swift */,
				96DD81ED1C56B8AF004CE3A7 /* Info.plist */,
			);
			path = SeniorProjectTests;
			sourceTree = "<group>";
		};
		96DD81F51C56B8AF004CE3A7 /* SeniorProjectUITests */ = {
			isa = PBXGroup;
			children = (
				364A6FE71C98EE1F0088116D /* Subscreens */,
				364A6FE61C98EE180088116D /* Other ViewControllers */,
				364A6FE51C98EE120088116D /* Customer side */,
				364A6FE41C98EE0D0088116D /* Driver side */,
				96DD81F61C56B8AF004CE3A7 /* SeniorProjectUITests.swift */,
				9BF07BF31C89F52A00F3D3F9 /* example.swift */,
			);
			path = SeniorProjectUITests;
			sourceTree = "<group>";
		};
/* End PBXGroup section */

/* Begin PBXNativeTarget section */
		96DD81D21C56B8AE004CE3A7 /* SeniorProject */ = {
			isa = PBXNativeTarget;
			buildConfigurationList = 96DD81FB1C56B8AF004CE3A7 /* Build configuration list for PBXNativeTarget "SeniorProject" */;
			buildPhases = (
				96DD81CF1C56B8AE004CE3A7 /* Sources */,
				96DD81D01C56B8AE004CE3A7 /* Frameworks */,
				96DD81D11C56B8AE004CE3A7 /* Resources */,
			);
			buildRules = (
			);
			dependencies = (
			);
			name = SeniorProject;
			productName = SeniorProject;
			productReference = 96DD81D31C56B8AE004CE3A7 /* SeniorProject.app */;
			productType = "com.apple.product-type.application";
		};
		96DD81E61C56B8AF004CE3A7 /* SeniorProjectTests */ = {
			isa = PBXNativeTarget;
			buildConfigurationList = 96DD81FE1C56B8AF004CE3A7 /* Build configuration list for PBXNativeTarget "SeniorProjectTests" */;
			buildPhases = (
				96DD81E31C56B8AF004CE3A7 /* Sources */,
				96DD81E41C56B8AF004CE3A7 /* Frameworks */,
				96DD81E51C56B8AF004CE3A7 /* Resources */,
			);
			buildRules = (
			);
			dependencies = (
				96DD81E91C56B8AF004CE3A7 /* PBXTargetDependency */,
			);
			name = SeniorProjectTests;
			productName = SeniorProjectTests;
			productReference = 96DD81E71C56B8AF004CE3A7 /* SeniorProjectTests.xctest */;
			productType = "com.apple.product-type.bundle.unit-test";
		};
		96DD81F11C56B8AF004CE3A7 /* SeniorProjectUITests */ = {
			isa = PBXNativeTarget;
			buildConfigurationList = 96DD82011C56B8AF004CE3A7 /* Build configuration list for PBXNativeTarget "SeniorProjectUITests" */;
			buildPhases = (
				96DD81EE1C56B8AF004CE3A7 /* Sources */,
				96DD81EF1C56B8AF004CE3A7 /* Frameworks */,
				96DD81F01C56B8AF004CE3A7 /* Resources */,
			);
			buildRules = (
			);
			dependencies = (
				96DD81F41C56B8AF004CE3A7 /* PBXTargetDependency */,
			);
			name = SeniorProjectUITests;
			productName = SeniorProjectUITests;
			productReference = 96DD81F21C56B8AF004CE3A7 /* SeniorProjectUITests.xctest */;
			productType = "com.apple.product-type.bundle.ui-testing";
		};
/* End PBXNativeTarget section */

/* Begin PBXProject section */
		96DD81CB1C56B8AE004CE3A7 /* Project object */ = {
			isa = PBXProject;
			attributes = {
				LastSwiftUpdateCheck = 0720;
				LastUpgradeCheck = 0720;
				ORGANIZATIONNAME = Gooey;
				TargetAttributes = {
					96DD81D21C56B8AE004CE3A7 = {
						CreatedOnToolsVersion = 7.2;
						DevelopmentTeam = 74YMV2J9D7;
						SystemCapabilities = {
							com.apple.Maps.iOS = {
								enabled = 1;
							};
							com.apple.Push = {
								enabled = 1;
							};
						};
					};
					96DD81E61C56B8AF004CE3A7 = {
						CreatedOnToolsVersion = 7.2;
						TestTargetID = 96DD81D21C56B8AE004CE3A7;
					};
					96DD81F11C56B8AF004CE3A7 = {
						CreatedOnToolsVersion = 7.2;
						TestTargetID = 96DD81D21C56B8AE004CE3A7;
					};
				};
			};
			buildConfigurationList = 96DD81CE1C56B8AE004CE3A7 /* Build configuration list for PBXProject "SeniorProject" */;
			compatibilityVersion = "Xcode 3.2";
			developmentRegion = English;
			hasScannedForEncodings = 0;
			knownRegions = (
				en,
				Base,
			);
			mainGroup = 96DD81CA1C56B8AE004CE3A7;
			productRefGroup = 96DD81D41C56B8AE004CE3A7 /* Products */;
			projectDirPath = "";
			projectRoot = "";
			targets = (
				96DD81D21C56B8AE004CE3A7 /* SeniorProject */,
				96DD81E61C56B8AF004CE3A7 /* SeniorProjectTests */,
				96DD81F11C56B8AF004CE3A7 /* SeniorProjectUITests */,
			);
		};
/* End PBXProject section */

/* Begin PBXResourcesBuildPhase section */
		96DD81D11C56B8AE004CE3A7 /* Resources */ = {
			isa = PBXResourcesBuildPhase;
			buildActionMask = 2147483647;
			files = (
				96DD81E11C56B8AE004CE3A7 /* LaunchScreen.storyboard in Resources */,
				9B9F2AF91CA22D060053F85F /* gcc.gpx in Resources */,
				96DD81DE1C56B8AE004CE3A7 /* Assets.xcassets in Resources */,
				96DD81DC1C56B8AE004CE3A7 /* Main.storyboard in Resources */,
				36AB6DF21CA4A5B700C64FEE /* Commit on March 24.txt in Resources */,
			);
			runOnlyForDeploymentPostprocessing = 0;
		};
		96DD81E51C56B8AF004CE3A7 /* Resources */ = {
			isa = PBXResourcesBuildPhase;
			buildActionMask = 2147483647;
			files = (
			);
			runOnlyForDeploymentPostprocessing = 0;
		};
		96DD81F01C56B8AF004CE3A7 /* Resources */ = {
			isa = PBXResourcesBuildPhase;
			buildActionMask = 2147483647;
			files = (
			);
			runOnlyForDeploymentPostprocessing = 0;
		};
/* End PBXResourcesBuildPhase section */

/* Begin PBXSourcesBuildPhase section */
		96DD81CF1C56B8AE004CE3A7 /* Sources */ = {
			isa = PBXSourcesBuildPhase;
			buildActionMask = 2147483647;
			files = (
				36D08F6E1C775B59005B1E90 /* DriverRestaurantsViewController.swift in Sources */,
				36E204811C5BD03D00A9CC59 /* Settings.swift in Sources */,
				3641A59C1C8E568C0046BC97 /* Destination.swift in Sources */,
				36EF35441CA31FE400C160BE /* PFUnavailableRestaurant.swift in Sources */,
				36EF354A1CA39AE500C160BE /* PFFood.swift in Sources */,
				363103971CA05BE500536DE4 /* CurrentLocation.swift in Sources */,
				36D08F781C7A73B2005B1E90 /* Drivers.swift in Sources */,
				9B9A0EF91C7D4D4800983BA9 /* MyOrderTableViewController.swift in Sources */,
				36B92B6E1C9B960F00E29A3B /* PointsOfInterest.swift in Sources */,
				96DBF85B1C7924FB0090F7F6 /* GetThatOrderTableViewController.swift in Sources */,
				96DD82051C56CEBE004CE3A7 /* CreateAccountViewController.swift in Sources */,
				964B36361C5FF1E100B305CA /* Validation.swift in Sources */,
				963A324D1C8CDFD40090CB2C /* Food.swift in Sources */,
				36F506821C68F0C70014D506 /* FinishCreateAccountViewController.swift in Sources */,
				96DD81D91C56B8AE004CE3A7 /* LogInViewController.swift in Sources */,
				36B92B701C9BA43A00E29A3B /* Restaurant.swift in Sources */,
				3641A5961C8E28020046BC97 /* DeliveryLocationTableViewController.swift in Sources */,
				36D08F261C72232C005B1E90 /* DriverOrdersViewController.swift in Sources */,
				96C886DA1C891BCE008E668B /* ChangePasswordViewController.swift in Sources */,
				9B049BD01C87C0C8002655D0 /* ExpiresInViewController.swift in Sources */,
				36EF35421CA30E5300C160BE /* PFDriverAvailability.swift in Sources */,
				36D08F701C776AEA005B1E90 /* DriverRestaurantPreferences.swift in Sources */,
				96DBF85D1C796FA70090F7F6 /* ParseDate.swift in Sources */,
				9B3202531C97599100749264 /* Notification.swift in Sources */,
				3611FFB71C6AAA7E00971C2A /* HomeViewController.swift in Sources */,
				9B9A0EF11C7BA18D00983BA9 /* MyOrdersViewController.swift in Sources */,
				9B9A0EED1C74113D00983BA9 /* SettingsViewController.swift in Sources */,
				3641A59A1C8E55E60046BC97 /* CustomerDestinations.swift in Sources */,
				3641A5981C8E41220046BC97 /* CustomDeliveryLocationTableViewCell.swift in Sources */,
				36B92B751C9DEC4400E29A3B /* Order.swift in Sources */,
				36D090411C8B6D86005B1E90 /* InterfaceManipulation.swift in Sources */,
				36EF35481CA3992C00C160BE /* PFOrderedItems.swift in Sources */,
				96DD81D71C56B8AE004CE3A7 /* AppDelegate.swift in Sources */,
				36D08F761C7A72C6005B1E90 /* ChooseDriverTableViewController.swift in Sources */,
				4053ACB61C5AF31300B21B29 /* NewOrderViewController.swift in Sources */,
				36EF35401CA3002800C160BE /* PFOrder.swift in Sources */,
				9B049C521C8925D2002655D0 /* RestaurantsNewOrderTableViewController.swift in Sources */,
				36B92B731C9C5C4B00E29A3B /* NewFoodItemTableViewController.swift in Sources */,
				36EF354C1CA44DBE00C160BE /* PFDestination.swift in Sources */,
				36F506801C64E9500014D506 /* CreateAccount.swift in Sources */,
			);
			runOnlyForDeploymentPostprocessing = 0;
		};
		96DD81E31C56B8AF004CE3A7 /* Sources */ = {
			isa = PBXSourcesBuildPhase;
			buildActionMask = 2147483647;
			files = (
				9B32020B1C8D33E800749264 /* GetThatOrderTableViewControllerUnitTests.swift in Sources */,
				9B8E41D11C86810E00B4B77E /* MyOrdersUnitTests.swift in Sources */,
				3661ED4B1CB807F10061BF1C /* RestaurantsNewOrderTVCUnitTests.swift in Sources */,
				9B9F2AFB1CA4CB370053F85F /* DestinationClassUnitTests.swift in Sources */,
				9BA4C1E51CB498B50018F1D0 /* SettingsViewControllerUnitTests.swift in Sources */,
				9B7AD0E21CAD6E4C00BF036F /* CustomDeliveryLocationTableViewCellUnitTests.swift in Sources */,
				9BA4C1E31CB17B250018F1D0 /* HomeViewControllerUnitTests.swift in Sources */,
				3661ED471CB723F40061BF1C /* InterfaceManipulationTests.swift in Sources */,
				9B32020D1C8DF58600749264 /* AppDelegate.swift in Sources */,
				96DD81EC1C56B8AF004CE3A7 /* SeniorProjectTests.swift in Sources */,
				3661ED4D1CB873430061BF1C /* ChooseDriverTVCUnitTests.swift in Sources */,
				9B9F2AFD1CA4CC8B0053F85F /* ExpiresInViewControllerUnitTests.swift in Sources */,
				9BA4C1E11CB172CF0018F1D0 /* FinishCreateAccountViewControllerUnitTests.swift in Sources */,
				9BF07BFC1C8CC5DB00F3D3F9 /* CreateAccountClassTests.swift in Sources */,
				9B7AD0E41CAD704000BF036F /* DeliveryLocationTableViewControllerUnitTests.swift in Sources */,
				9B7AD15B1CB156A300BF036F /* CustomerDestinationsUnitTests.swift in Sources */,
				9B9F2AF51C9C54FD0053F85F /* ParseDateClassUnitTests.swift in Sources */,
				402FC81F1CAACBF300B774D1 /* FoodClassUnitTests.swift in Sources */,
				3661ED491CB7ED1A0061BF1C /* NewOrderVCUnitTests.swift in Sources */,
				9BF07BF21C89EA4C00F3D3F9 /* DriverOrdersUnitTesting.swift in Sources */,
			);
			runOnlyForDeploymentPostprocessing = 0;
		};
		96DD81EE1C56B8AF004CE3A7 /* Sources */ = {
			isa = PBXSourcesBuildPhase;
			buildActionMask = 2147483647;
			files = (
				9BF07BF41C89F52A00F3D3F9 /* example.swift in Sources */,
				9BBB3C131CB7EAF000443BE5 /* ChangePasswordUITests.swift in Sources */,
				96C886D81C84F5AC008E668B /* DriversOrdersUITests.swift in Sources */,
				36D08F7B1C7BAF1E005B1E90 /* HomeUITests.swift in Sources */,
				96DD81F71C56B8AF004CE3A7 /* SeniorProjectUITests.swift in Sources */,
				9B3202111C8E1D0F00749264 /* NewFoodItemViewControllerUITests.swift in Sources */,
				36D08F7D1C7BB29C005B1E90 /* NewOrderUITests.swift in Sources */,
			);
			runOnlyForDeploymentPostprocessing = 0;
		};
/* End PBXSourcesBuildPhase section */

/* Begin PBXTargetDependency section */
		96DD81E91C56B8AF004CE3A7 /* PBXTargetDependency */ = {
			isa = PBXTargetDependency;
			target = 96DD81D21C56B8AE004CE3A7 /* SeniorProject */;
			targetProxy = 96DD81E81C56B8AF004CE3A7 /* PBXContainerItemProxy */;
		};
		96DD81F41C56B8AF004CE3A7 /* PBXTargetDependency */ = {
			isa = PBXTargetDependency;
			target = 96DD81D21C56B8AE004CE3A7 /* SeniorProject */;
			targetProxy = 96DD81F31C56B8AF004CE3A7 /* PBXContainerItemProxy */;
		};
/* End PBXTargetDependency section */

/* Begin PBXVariantGroup section */
		96DD81DA1C56B8AE004CE3A7 /* Main.storyboard */ = {
			isa = PBXVariantGroup;
			children = (
				96DD81DB1C56B8AE004CE3A7 /* Base */,
			);
			name = Main.storyboard;
			sourceTree = "<group>";
		};
		96DD81DF1C56B8AE004CE3A7 /* LaunchScreen.storyboard */ = {
			isa = PBXVariantGroup;
			children = (
				96DD81E01C56B8AE004CE3A7 /* Base */,
			);
			name = LaunchScreen.storyboard;
			sourceTree = "<group>";
		};
/* End PBXVariantGroup section */

/* Begin XCBuildConfiguration section */
		96DD81F91C56B8AF004CE3A7 /* Debug */ = {
			isa = XCBuildConfiguration;
			buildSettings = {
				ALWAYS_SEARCH_USER_PATHS = NO;
				CLANG_CXX_LANGUAGE_STANDARD = "gnu++0x";
				CLANG_CXX_LIBRARY = "libc++";
				CLANG_ENABLE_MODULES = YES;
				CLANG_ENABLE_OBJC_ARC = YES;
				CLANG_WARN_BOOL_CONVERSION = YES;
				CLANG_WARN_CONSTANT_CONVERSION = YES;
				CLANG_WARN_DIRECT_OBJC_ISA_USAGE = YES_ERROR;
				CLANG_WARN_EMPTY_BODY = YES;
				CLANG_WARN_ENUM_CONVERSION = YES;
				CLANG_WARN_INT_CONVERSION = YES;
				CLANG_WARN_OBJC_ROOT_CLASS = YES_ERROR;
				CLANG_WARN_UNREACHABLE_CODE = YES;
				CLANG_WARN__DUPLICATE_METHOD_MATCH = YES;
				"CODE_SIGN_IDENTITY[sdk=iphoneos*]" = "iPhone Developer";
				COPY_PHASE_STRIP = NO;
				DEBUG_INFORMATION_FORMAT = dwarf;
				ENABLE_STRICT_OBJC_MSGSEND = YES;
				ENABLE_TESTABILITY = YES;
				GCC_C_LANGUAGE_STANDARD = gnu99;
				GCC_DYNAMIC_NO_PIC = NO;
				GCC_NO_COMMON_BLOCKS = YES;
				GCC_OPTIMIZATION_LEVEL = 0;
				GCC_PREPROCESSOR_DEFINITIONS = (
					"DEBUG=1",
					"$(inherited)",
				);
				GCC_WARN_64_TO_32_BIT_CONVERSION = YES;
				GCC_WARN_ABOUT_RETURN_TYPE = YES_ERROR;
				GCC_WARN_UNDECLARED_SELECTOR = YES;
				GCC_WARN_UNINITIALIZED_AUTOS = YES_AGGRESSIVE;
				GCC_WARN_UNUSED_FUNCTION = YES;
				GCC_WARN_UNUSED_VARIABLE = YES;
				IPHONEOS_DEPLOYMENT_TARGET = 9.2;
				MTL_ENABLE_DEBUG_INFO = YES;
				ONLY_ACTIVE_ARCH = YES;
				SDKROOT = iphoneos;
				SWIFT_OPTIMIZATION_LEVEL = "-Onone";
			};
			name = Debug;
		};
		96DD81FA1C56B8AF004CE3A7 /* Release */ = {
			isa = XCBuildConfiguration;
			buildSettings = {
				ALWAYS_SEARCH_USER_PATHS = NO;
				CLANG_CXX_LANGUAGE_STANDARD = "gnu++0x";
				CLANG_CXX_LIBRARY = "libc++";
				CLANG_ENABLE_MODULES = YES;
				CLANG_ENABLE_OBJC_ARC = YES;
				CLANG_WARN_BOOL_CONVERSION = YES;
				CLANG_WARN_CONSTANT_CONVERSION = YES;
				CLANG_WARN_DIRECT_OBJC_ISA_USAGE = YES_ERROR;
				CLANG_WARN_EMPTY_BODY = YES;
				CLANG_WARN_ENUM_CONVERSION = YES;
				CLANG_WARN_INT_CONVERSION = YES;
				CLANG_WARN_OBJC_ROOT_CLASS = YES_ERROR;
				CLANG_WARN_UNREACHABLE_CODE = YES;
				CLANG_WARN__DUPLICATE_METHOD_MATCH = YES;
				"CODE_SIGN_IDENTITY[sdk=iphoneos*]" = "iPhone Developer";
				COPY_PHASE_STRIP = NO;
				DEBUG_INFORMATION_FORMAT = "dwarf-with-dsym";
				ENABLE_NS_ASSERTIONS = NO;
				ENABLE_STRICT_OBJC_MSGSEND = YES;
				GCC_C_LANGUAGE_STANDARD = gnu99;
				GCC_NO_COMMON_BLOCKS = YES;
				GCC_WARN_64_TO_32_BIT_CONVERSION = YES;
				GCC_WARN_ABOUT_RETURN_TYPE = YES_ERROR;
				GCC_WARN_UNDECLARED_SELECTOR = YES;
				GCC_WARN_UNINITIALIZED_AUTOS = YES_AGGRESSIVE;
				GCC_WARN_UNUSED_FUNCTION = YES;
				GCC_WARN_UNUSED_VARIABLE = YES;
				IPHONEOS_DEPLOYMENT_TARGET = 9.2;
				MTL_ENABLE_DEBUG_INFO = NO;
				SDKROOT = iphoneos;
				VALIDATE_PRODUCT = YES;
			};
			name = Release;
		};
		96DD81FC1C56B8AF004CE3A7 /* Debug */ = {
			isa = XCBuildConfiguration;
			buildSettings = {
				ASSETCATALOG_COMPILER_APPICON_NAME = AppIcon;
				CLANG_ENABLE_MODULES = YES;
				CODE_SIGN_IDENTITY = "iPhone Developer";
				"CODE_SIGN_IDENTITY[sdk=iphoneos*]" = "iPhone Developer";
				FRAMEWORK_SEARCH_PATHS = (
					"$(inherited)",
					"$(PROJECT_DIR)",
				);
				INFOPLIST_FILE = SeniorProject/Info.plist;
				IPHONEOS_DEPLOYMENT_TARGET = 9.2;
				LD_RUNPATH_SEARCH_PATHS = "$(inherited) @executable_path/Frameworks";
				PRODUCT_BUNDLE_IDENTIFIER = edu.gcc.gooey.foodini;
				PRODUCT_NAME = "$(TARGET_NAME)";
				PROVISIONING_PROFILE = "";
				SWIFT_OBJC_BRIDGING_HEADER = "SeniorProject/SeniorProject-Bridging-Header.h";
				SWIFT_OPTIMIZATION_LEVEL = "-Onone";
			};
			name = Debug;
		};
		96DD81FD1C56B8AF004CE3A7 /* Release */ = {
			isa = XCBuildConfiguration;
			buildSettings = {
				ASSETCATALOG_COMPILER_APPICON_NAME = AppIcon;
				CLANG_ENABLE_MODULES = YES;
				CODE_SIGN_IDENTITY = "iPhone Developer";
				"CODE_SIGN_IDENTITY[sdk=iphoneos*]" = "iPhone Developer";
				FRAMEWORK_SEARCH_PATHS = (
					"$(inherited)",
					"$(PROJECT_DIR)",
				);
				INFOPLIST_FILE = SeniorProject/Info.plist;
				IPHONEOS_DEPLOYMENT_TARGET = 9.2;
				LD_RUNPATH_SEARCH_PATHS = "$(inherited) @executable_path/Frameworks";
				PRODUCT_BUNDLE_IDENTIFIER = edu.gcc.gooey.foodini;
				PRODUCT_NAME = "$(TARGET_NAME)";
				PROVISIONING_PROFILE = "";
				SWIFT_OBJC_BRIDGING_HEADER = "SeniorProject/SeniorProject-Bridging-Header.h";
			};
			name = Release;
		};
		96DD81FF1C56B8AF004CE3A7 /* Debug */ = {
			isa = XCBuildConfiguration;
			buildSettings = {
				BUNDLE_LOADER = "$(TEST_HOST)";
				FRAMEWORK_SEARCH_PATHS = (
					"$(inherited)",
					"$(PROJECT_DIR)",
				);
				INFOPLIST_FILE = SeniorProjectTests/Info.plist;
				LD_RUNPATH_SEARCH_PATHS = "$(inherited) @executable_path/Frameworks @loader_path/Frameworks";
				PRODUCT_BUNDLE_IDENTIFIER = Gooey.SeniorProjectTests;
				PRODUCT_NAME = "$(TARGET_NAME)";
				TEST_HOST = "$(BUILT_PRODUCTS_DIR)/SeniorProject.app/SeniorProject";
				VALID_ARCHS = "arm64 armv7 armv7s x86_64";
			};
			name = Debug;
		};
		96DD82001C56B8AF004CE3A7 /* Release */ = {
			isa = XCBuildConfiguration;
			buildSettings = {
				BUNDLE_LOADER = "$(TEST_HOST)";
				FRAMEWORK_SEARCH_PATHS = (
					"$(inherited)",
					"$(PROJECT_DIR)",
				);
				INFOPLIST_FILE = SeniorProjectTests/Info.plist;
				LD_RUNPATH_SEARCH_PATHS = "$(inherited) @executable_path/Frameworks @loader_path/Frameworks";
				PRODUCT_BUNDLE_IDENTIFIER = Gooey.SeniorProjectTests;
				PRODUCT_NAME = "$(TARGET_NAME)";
				TEST_HOST = "$(BUILT_PRODUCTS_DIR)/SeniorProject.app/SeniorProject";
				VALID_ARCHS = "arm64 armv7 armv7s x86_64";
			};
			name = Release;
		};
		96DD82021C56B8AF004CE3A7 /* Debug */ = {
			isa = XCBuildConfiguration;
			buildSettings = {
				FRAMEWORK_SEARCH_PATHS = (
					"$(inherited)",
					"$(PROJECT_DIR)",
				);
				INFOPLIST_FILE = SeniorProjectUITests/Info.plist;
				LD_RUNPATH_SEARCH_PATHS = "$(inherited) @executable_path/Frameworks @loader_path/Frameworks";
				PRODUCT_BUNDLE_IDENTIFIER = Gooey.SeniorProjectUITests;
				PRODUCT_NAME = "$(TARGET_NAME)";
				TEST_TARGET_NAME = SeniorProject;
				USES_XCTRUNNER = YES;
			};
			name = Debug;
		};
		96DD82031C56B8AF004CE3A7 /* Release */ = {
			isa = XCBuildConfiguration;
			buildSettings = {
				FRAMEWORK_SEARCH_PATHS = (
					"$(inherited)",
					"$(PROJECT_DIR)",
				);
				INFOPLIST_FILE = SeniorProjectUITests/Info.plist;
				LD_RUNPATH_SEARCH_PATHS = "$(inherited) @executable_path/Frameworks @loader_path/Frameworks";
				PRODUCT_BUNDLE_IDENTIFIER = Gooey.SeniorProjectUITests;
				PRODUCT_NAME = "$(TARGET_NAME)";
				TEST_TARGET_NAME = SeniorProject;
				USES_XCTRUNNER = YES;
			};
			name = Release;
		};
/* End XCBuildConfiguration section */

/* Begin XCConfigurationList section */
		96DD81CE1C56B8AE004CE3A7 /* Build configuration list for PBXProject "SeniorProject" */ = {
			isa = XCConfigurationList;
			buildConfigurations = (
				96DD81F91C56B8AF004CE3A7 /* Debug */,
				96DD81FA1C56B8AF004CE3A7 /* Release */,
			);
			defaultConfigurationIsVisible = 0;
			defaultConfigurationName = Release;
		};
		96DD81FB1C56B8AF004CE3A7 /* Build configuration list for PBXNativeTarget "SeniorProject" */ = {
			isa = XCConfigurationList;
			buildConfigurations = (
				96DD81FC1C56B8AF004CE3A7 /* Debug */,
				96DD81FD1C56B8AF004CE3A7 /* Release */,
			);
			defaultConfigurationIsVisible = 0;
			defaultConfigurationName = Release;
		};
		96DD81FE1C56B8AF004CE3A7 /* Build configuration list for PBXNativeTarget "SeniorProjectTests" */ = {
			isa = XCConfigurationList;
			buildConfigurations = (
				96DD81FF1C56B8AF004CE3A7 /* Debug */,
				96DD82001C56B8AF004CE3A7 /* Release */,
			);
			defaultConfigurationIsVisible = 0;
			defaultConfigurationName = Release;
		};
		96DD82011C56B8AF004CE3A7 /* Build configuration list for PBXNativeTarget "SeniorProjectUITests" */ = {
			isa = XCConfigurationList;
			buildConfigurations = (
				96DD82021C56B8AF004CE3A7 /* Debug */,
				96DD82031C56B8AF004CE3A7 /* Release */,
			);
			defaultConfigurationIsVisible = 0;
			defaultConfigurationName = Release;
		};
/* End XCConfigurationList section */
	};
	rootObject = 96DD81CB1C56B8AE004CE3A7 /* Project object */;
}
